// !$*UTF8*$!
{
	archiveVersion = 1;
	classes = {
	};
	objectVersion = 46;
	objects = {

/* Begin PBXBuildFile section */
		EBFCF0741D868BE800546F6A /* AppDelegate.swift in Sources */ = {isa = PBXBuildFile; fileRef = EBFCF0731D868BE800546F6A /* AppDelegate.swift */; };
		EBFCF0761D868BE800546F6A /* ViewController.swift in Sources */ = {isa = PBXBuildFile; fileRef = EBFCF0751D868BE800546F6A /* ViewController.swift */; };
		EBFCF0791D868BE800546F6A /* Main.storyboard in Resources */ = {isa = PBXBuildFile; fileRef = EBFCF0771D868BE800546F6A /* Main.storyboard */; };
		EBFCF07B1D868BE800546F6A /* Assets.xcassets in Resources */ = {isa = PBXBuildFile; fileRef = EBFCF07A1D868BE800546F6A /* Assets.xcassets */; };
		EBFCF07E1D868BE800546F6A /* LaunchScreen.storyboard in Resources */ = {isa = PBXBuildFile; fileRef = EBFCF07C1D868BE800546F6A /* LaunchScreen.storyboard */; };
		EBFCF08B1D86A9F500546F6A /* 3oclock.caf in Resources */ = {isa = PBXBuildFile; fileRef = EBFCF0871D86A84200546F6A /* 3oclock.caf */; };
/* End PBXBuildFile section */

/* Begin PBXFileReference section */
		EBFCF0701D868BE800546F6A /* LocalNotificationAssignment.app */ = {isa = PBXFileReference; explicitFileType = wrapper.application; includeInIndex = 0; path = LocalNotificationAssignment.app; sourceTree = BUILT_PRODUCTS_DIR; };
		EBFCF0731D868BE800546F6A /* AppDelegate.swift */ = {isa = PBXFileReference; lastKnownFileType = sourcecode.swift; path = AppDelegate.swift; sourceTree = "<group>"; };
		EBFCF0751D868BE800546F6A /* ViewController.swift */ = {isa = PBXFileReference; lastKnownFileType = sourcecode.swift; path = ViewController.swift; sourceTree = "<group>"; };
		EBFCF0781D868BE800546F6A /* Base */ = {isa = PBXFileReference; lastKnownFileType = file.storyboard; name = Base; path = Base.lproj/Main.storyboard; sourceTree = "<group>"; };
		EBFCF07A1D868BE800546F6A /* Assets.xcassets */ = {isa = PBXFileReference; lastKnownFileType = folder.assetcatalog; path = Assets.xcassets; sourceTree = "<group>"; };
		EBFCF07D1D868BE800546F6A /* Base */ = {isa = PBXFileReference; lastKnownFileType = file.storyboard; name = Base; path = Base.lproj/LaunchScreen.storyboard; sourceTree = "<group>"; };
		EBFCF07F1D868BE800546F6A /* Info.plist */ = {isa = PBXFileReference; lastKnownFileType = text.plist.xml; path = Info.plist; sourceTree = "<group>"; };
		EBFCF0871D86A84200546F6A /* 3oclock.caf */ = {isa = PBXFileReference; lastKnownFileType = file; path = 3oclock.caf; sourceTree = "<group>"; };
		EBFCF0881D86A9AF00546F6A /* LocalNotificationAssignment.entitlements */ = {isa = PBXFileReference; lastKnownFileType = text.xml; path = LocalNotificationAssignment.entitlements; sourceTree = "<group>"; };
/* End PBXFileReference section */

/* Begin PBXFrameworksBuildPhase section */
		EBFCF06D1D868BE800546F6A /* Frameworks */ = {
			isa = PBXFrameworksBuildPhase;
			buildActionMask = 2147483647;
			files = (
			);
			runOnlyForDeploymentPostprocessing = 0;
		};
/* End PBXFrameworksBuildPhase section */

/* Begin PBXGroup section */
		EBFCF0671D868BE800546F6A = {
			isa = PBXGroup;
			children = (
				EBFCF0721D868BE800546F6A /* LocalNotificationAssignment */,
				EBFCF0711D868BE800546F6A /* Products */,
			);
			sourceTree = "<group>";
		};
		EBFCF0711D868BE800546F6A /* Products */ = {
			isa = PBXGroup;
			children = (
				EBFCF0701D868BE800546F6A /* LocalNotificationAssignment.app */,
			);
			name = Products;
			sourceTree = "<group>";
		};
		EBFCF0721D868BE800546F6A /* LocalNotificationAssignment */ = {
			isa = PBXGroup;
			children = (
				EBFCF0881D86A9AF00546F6A /* LocalNotificationAssignment.entitlements */,
				EBFCF0731D868BE800546F6A /* AppDelegate.swift */,
				EBFCF0751D868BE800546F6A /* ViewController.swift */,
				EBFCF0771D868BE800546F6A /* Main.storyboard */,
				EBFCF0871D86A84200546F6A /* 3oclock.caf */,
				EBFCF07A1D868BE800546F6A /* Assets.xcassets */,
				EBFCF07C1D868BE800546F6A /* LaunchScreen.storyboard */,
				EBFCF07F1D868BE800546F6A /* Info.plist */,
			);
			path = LocalNotificationAssignment;
			sourceTree = "<group>";
		};
/* End PBXGroup section */

/* Begin PBXNativeTarget section */
		EBFCF06F1D868BE800546F6A /* LocalNotificationAssignment */ = {
			isa = PBXNativeTarget;
			buildConfigurationList = EBFCF0821D868BE800546F6A /* Build configuration list for PBXNativeTarget "LocalNotificationAssignment" */;
			buildPhases = (
				EBFCF06C1D868BE800546F6A /* Sources */,
				EBFCF06D1D868BE800546F6A /* Frameworks */,
				EBFCF06E1D868BE800546F6A /* Resources */,
			);
			buildRules = (
			);
			dependencies = (
			);
			name = LocalNotificationAssignment;
			productName = LocalNotificationAssignment;
			productReference = EBFCF0701D868BE800546F6A /* LocalNotificationAssignment.app */;
			productType = "com.apple.product-type.application";
		};
/* End PBXNativeTarget section */

/* Begin PBXProject section */
		EBFCF0681D868BE800546F6A /* Project object */ = {
			isa = PBXProject;
			attributes = {
				LastSwiftUpdateCheck = 0730;
				LastUpgradeCheck = 0730;
				ORGANIZATIONNAME = "Alex Liang";
				TargetAttributes = {
					EBFCF06F1D868BE800546F6A = {
						CreatedOnToolsVersion = 7.3.1;
						DevelopmentTeam = V6A739ZMN5;
						SystemCapabilities = {
							com.apple.InterAppAudio = {
								enabled = 0;
							};
						};
					};
				};
			};
			buildConfigurationList = EBFCF06B1D868BE800546F6A /* Build configuration list for PBXProject "LocalNotificationAssignment" */;
			compatibilityVersion = "Xcode 3.2";
			developmentRegion = English;
			hasScannedForEncodings = 0;
			knownRegions = (
				en,
				Base,
			);
			mainGroup = EBFCF0671D868BE800546F6A;
			productRefGroup = EBFCF0711D868BE800546F6A /* Products */;
			projectDirPath = "";
			projectRoot = "";
			targets = (
				EBFCF06F1D868BE800546F6A /* LocalNotificationAssignment */,
			);
		};
/* End PBXProject section */

/* Begin PBXResourcesBuildPhase section */
		EBFCF06E1D868BE800546F6A /* Resources */ = {
			isa = PBXResourcesBuildPhase;
			buildActionMask = 2147483647;
			files = (
				EBFCF07E1D868BE800546F6A /* LaunchScreen.storyboard in Resources */,
				EBFCF08B1D86A9F500546F6A /* 3oclock.caf in Resources */,
				EBFCF07B1D868BE800546F6A /* Assets.xcassets in Resources */,
				EBFCF0791D868BE800546F6A /* Main.storyboard in Resources */,
			);
			runOnlyForDeploymentPostprocessing = 0;
		};
/* End PBXResourcesBuildPhase section */

/* Begin PBXSourcesBuildPhase section */
		EBFCF06C1D868BE800546F6A /* Sources */ = {
			isa = PBXSourcesBuildPhase;
			buildActionMask = 2147483647;
			files = (
				EBFCF0761D868BE800546F6A /* ViewController.swift in Sources */,
				EBFCF0741D868BE800546F6A /* AppDelegate.swift in Sources */,
			);
			runOnlyForDeploymentPostprocessing = 0;
		};
/* End PBXSourcesBuildPhase section */

/* Begin PBXVariantGroup section */
		EBFCF0771D868BE800546F6A /* Main.storyboard */ = {
			isa = PBXVariantGroup;
			children = (
				EBFCF0781D868BE800546F6A /* Base */,
			);
			name = Main.storyboard;
			sourceTree = "<group>";
		};
		EBFCF07C1D868BE800546F6A /* LaunchScreen.storyboard */ = {
			isa = PBXVariantGroup;
			children = (
				EBFCF07D1D868BE800546F6A /* Base */,
			);
			name = LaunchScreen.storyboard;
			sourceTree = "<group>";
		};
/* End PBXVariantGroup section */

/* Begin XCBuildConfiguration section */
		EBFCF0801D868BE800546F6A /* Debug */ = {
			isa = XCBuildConfiguration;
			buildSettings = {
				ALWAYS_SEARCH_USER_PATHS = NO;
				CLANG_ANALYZER_NONNULL = YES;
				CLANG_CXX_LANGUAGE_STANDARD = "gnu++0x";
				CLANG_CXX_LIBRARY = "libc++";
				CLANG_ENABLE_MODULES = YES;
				CLANG_ENABLE_OBJC_ARC = YES;
				CLANG_WARN_BOOL_CONVERSION = YES;
				CLANG_WARN_CONSTANT_CONVERSION = YES;
				CLANG_WARN_DIRECT_OBJC_ISA_USAGE = YES_ERROR;
				CLANG_WARN_EMPTY_BODY = YES;
				CLANG_WARN_ENUM_CONVERSION = YES;
				CLANG_WARN_INT_CONVERSION = YES;
				CLANG_WARN_OBJC_ROOT_CLASS = YES_ERROR;
				CLANG_WARN_UNREACHABLE_CODE = YES;
				CLANG_WARN__DUPLICATE_METHOD_MATCH = YES;
				"CODE_SIGN_IDENTITY[sdk=iphoneos*]" = "iPhone Developer";
				COPY_PHASE_STRIP = NO;
				DEBUG_INFORMATION_FORMAT = dwarf;
				ENABLE_STRICT_OBJC_MSGSEND = YES;
				ENABLE_TESTABILITY = YES;
				GCC_C_LANGUAGE_STANDARD = gnu99;
				GCC_DYNAMIC_NO_PIC = NO;
				GCC_NO_COMMON_BLOCKS = YES;
				GCC_OPTIMIZATION_LEVEL = 0;
				GCC_PREPROCESSOR_DEFINITIONS = (
					"DEBUG=1",
					"$(inherited)",
				);
				GCC_WARN_64_TO_32_BIT_CONVERSION = YES;
				GCC_WARN_ABOUT_RETURN_TYPE = YES_ERROR;
				GCC_WARN_UNDECLARED_SELECTOR = YES;
				GCC_WARN_UNINITIALIZED_AUTOS = YES_AGGRESSIVE;
				GCC_WARN_UNUSED_FUNCTION = YES;
				GCC_WARN_UNUSED_VARIABLE = YES;
				IPHONEOS_DEPLOYMENT_TARGET = 9.3;
				MTL_ENABLE_DEBUG_INFO = YES;
				ONLY_ACTIVE_ARCH = YES;
				SDKROOT = iphoneos;
				SWIFT_OPTIMIZATION_LEVEL = "-Onone";
			};
			name = Debug;
		};
		EBFCF0811D868BE800546F6A /* Release */ = {
			isa = XCBuildConfiguration;
			buildSettings = {
				ALWAYS_SEARCH_USER_PATHS = NO;
				CLANG_ANALYZER_NONNULL = YES;
				CLANG_CXX_LANGUAGE_STANDARD = "gnu++0x";
				CLANG_CXX_LIBRARY = "libc++";
				CLANG_ENABLE_MODULES = YES;
				CLANG_ENABLE_OBJC_ARC = YES;
				CLANG_WARN_BOOL_CONVERSION = YES;
				CLANG_WARN_CONSTANT_CONVERSION = YES;
				CLANG_WARN_DIRECT_OBJC_ISA_USAGE = YES_ERROR;
				CLANG_WARN_EMPTY_BODY = YES;
				CLANG_WARN_ENUM_CONVERSION = YES;
				CLANG_WARN_INT_CONVERSION = YES;
				CLANG_WARN_OBJC_ROOT_CLASS = YES_ERROR;
				CLANG_WARN_UNREACHABLE_CODE = YES;
				CLANG_WARN__DUPLICATE_METHOD_MATCH = YES;
				"CODE_SIGN_IDENTITY[sdk=iphoneos*]" = "iPhone Developer";
				COPY_PHASE_STRIP = NO;
				DEBUG_INFORMATION_FORMAT = "dwarf-with-dsym";
				ENABLE_NS_ASSERTIONS = NO;
				ENABLE_STRICT_OBJC_MSGSEND = YES;
				GCC_C_LANGUAGE_STANDARD = gnu99;
				GCC_NO_COMMON_BLOCKS = YES;
				GCC_WARN_64_TO_32_BIT_CONVERSION = YES;
				GCC_WARN_ABOUT_RETURN_TYPE = YES_ERROR;
				GCC_WARN_UNDECLARED_SELECTOR = YES;
				GCC_WARN_UNINITIALIZED_AUTOS = YES_AGGRESSIVE;
				GCC_WARN_UNUSED_FUNCTION = YES;
				GCC_WARN_UNUSED_VARIABLE = YES;
				IPHONEOS_DEPLOYMENT_TARGET = 9.3;
				MTL_ENABLE_DEBUG_INFO = NO;
				SDKROOT = iphoneos;
				VALIDATE_PRODUCT = YES;
			};
			name = Release;
		};
		EBFCF0831D868BE800546F6A /* Debug */ = {
			isa = XCBuildConfiguration;
			buildSettings = {
				ASSETCATALOG_COMPILER_APPICON_NAME = AppIcon;
				INFOPLIST_FILE = LocalNotificationAssignment/Info.plist;
				LD_RUNPATH_SEARCH_PATHS = "$(inherited) @executable_path/Frameworks";
				PRODUCT_BUNDLE_IDENTIFIER = com.alexliang.LocalNotificationAssignment;
				PRODUCT_NAME = "$(TARGET_NAME)";
			};
			name = Debug;
		};
		EBFCF0841D868BE800546F6A /* Release */ = {
			isa = XCBuildConfiguration;
			buildSettings = {
				ASSETCATALOG_COMPILER_APPICON_NAME = AppIcon;
				INFOPLIST_FILE = LocalNotificationAssignment/Info.plist;
				LD_RUNPATH_SEARCH_PATHS = "$(inherited) @executable_path/Frameworks";
				PRODUCT_BUNDLE_IDENTIFIER = com.alexliang.LocalNotificationAssignment;
				PRODUCT_NAME = "$(TARGET_NAME)";
			};
			name = Release;
		};
/* End XCBuildConfiguration section */

/* Begin XCConfigurationList section */
		EBFCF06B1D868BE800546F6A /* Build configuration list for PBXProject "LocalNotificationAssignment" */ = {
			isa = XCConfigurationList;
			buildConfigurations = (
				EBFCF0801D868BE800546F6A /* Debug */,
				EBFCF0811D868BE800546F6A /* Release */,
			);
			defaultConfigurationIsVisible = 0;
			defaultConfigurationName = Release;
		};
		EBFCF0821D868BE800546F6A /* Build configuration list for PBXNativeTarget "LocalNotificationAssignment" */ = {
			isa = XCConfigurationList;
			buildConfigurations = (
				EBFCF0831D868BE800546F6A /* Debug */,
				EBFCF0841D868BE800546F6A /* Release */,
			);
			defaultConfigurationIsVisible = 0;
		};
/* End XCConfigurationList section */
	};
	rootObject = EBFCF0681D868BE800546F6A /* Project object */;
}
